
Microsoft Visual Studio Solution File, Format Version 12.00
Project("{FAE04EC0-301F-11D3-BF4B-00C04F79EFBC}") = "WebApplication1", "WebApplication1\WebApplication1.csproj", "{60C229DE-E014-483D-9DCB-68BFF5DAC660}"
EndProject
Project("{FAE04EC0-301F-11D3-BF4B-00C04F79EFBC}") = "asp_Lesson_2", "asp_Lesson_2\asp_Lesson_2.csproj", "{0EFED08B-E470-468C-A5C4-E44CA8A9AC59}"
EndProject
Project("{FAE04EC0-301F-11D3-BF4B-00C04F79EFBC}") = "TestProject1", "TestProject1\TestProject1.csproj", "{018D4452-3FBA-4D07-AA21-6FD98F8A70D1}"
EndProject
Global
	GlobalSection(SolutionConfigurationPlatforms) = preSolution
		Debug|Any CPU = Debug|Any CPU
		Release|Any CPU = Release|Any CPU
	EndGlobalSection
	GlobalSection(ProjectConfigurationPlatforms) = postSolution
		{60C229DE-E014-483D-9DCB-68BFF5DAC660}.Debug|Any CPU.ActiveCfg = Debug|Any CPU
		{60C229DE-E014-483D-9DCB-68BFF5DAC660}.Debug|Any CPU.Build.0 = Debug|Any CPU
		{60C229DE-E014-483D-9DCB-68BFF5DAC660}.Release|Any CPU.ActiveCfg = Release|Any CPU
		{60C229DE-E014-483D-9DCB-68BFF5DAC660}.Release|Any CPU.Build.0 = Release|Any CPU
		{0EFED08B-E470-468C-A5C4-E44CA8A9AC59}.Debug|Any CPU.ActiveCfg = Debug|Any CPU
		{0EFED08B-E470-468C-A5C4-E44CA8A9AC59}.Debug|Any CPU.Build.0 = Debug|Any CPU
		{0EFED08B-E470-468C-A5C4-E44CA8A9AC59}.Release|Any CPU.ActiveCfg = Release|Any CPU
		{0EFED08B-E470-468C-A5C4-E44CA8A9AC59}.Release|Any CPU.Build.0 = Release|Any CPU
		{018D4452-3FBA-4D07-AA21-6FD98F8A70D1}.Debug|Any CPU.ActiveCfg = Debug|Any CPU
		{018D4452-3FBA-4D07-AA21-6FD98F8A70D1}.Debug|Any CPU.Build.0 = Debug|Any CPU
		{018D4452-3FBA-4D07-AA21-6FD98F8A70D1}.Release|Any CPU.ActiveCfg = Release|Any CPU
		{018D4452-3FBA-4D07-AA21-6FD98F8A70D1}.Release|Any CPU.Build.0 = Release|Any CPU
	EndGlobalSection
EndGlobal
